
Microsoft Visual Studio Solution File, Format Version 12.00
# Visual Studio Version 17
VisualStudioVersion = 17.6.33815.320
MinimumVisualStudioVersion = 10.0.40219.1
Project("{FAE04EC0-301F-11D3-BF4B-00C04F79EFBC}") = "LocalNotifications", "LocalNotifications.csproj", "{AA261BB0-800A-41EB-86FE-4B25A72E0412}"
EndProject
Global
	GlobalSection(SolutionConfigurationPlatforms) = preSolution
		Debug|Any CPU = Debug|Any CPU
		Release|Any CPU = Release|Any CPU
	EndGlobalSection
	GlobalSection(ProjectConfigurationPlatforms) = postSolution
		{AA261BB0-800A-41EB-86FE-4B25A72E0412}.Debug|Any CPU.ActiveCfg = Debug|Any CPU
		{AA261BB0-800A-41EB-86FE-4B25A72E0412}.Debug|Any CPU.Build.0 = Debug|Any CPU
		{AA261BB0-800A-41EB-86FE-4B25A72E0412}.Debug|Any CPU.Deploy.0 = Debug|Any CPU
		{AA261BB0-800A-41EB-86FE-4B25A72E0412}.Release|Any CPU.ActiveCfg = Release|Any CPU
		{AA261BB0-800A-41EB-86FE-4B25A72E0412}.Release|Any CPU.Build.0 = Release|Any CPU
		{AA261BB0-800A-41EB-86FE-4B25A72E0412}.Release|Any CPU.Deploy.0 = Release|Any CPU
	EndGlobalSection
	GlobalSection(SolutionProperties) = preSolution
		HideSolutionNode = FALSE
	EndGlobalSection
	GlobalSection(ExtensibilityGlobals) = postSolution
		SolutionGuid = {D9951B80-C381-447F-AA01-072301B435BE}
	EndGlobalSection
EndGlobal
